github.com/cvhariharan/flowctl v0.0.0-20250728145512-aa56676fc961 h1:hx/vfbj+71CrasIXPqbHafCPBpsF2hOC0GJnYcYotcc=
github.com/cvhariharan/flowctl v0.0.0-20250728145512-aa56676fc961/go.mod h1:HTO0aF7BXE+lmcbyvjDL8eCxH1bZxEGMc+McQGd5olE=
github.com/cvhariharan/flowctl/sdk/executor v0.0.0-20250728145512-aa56676fc961 h1:W+GTmSKcg57k+WgksCP6S4K7LJN3m5/CvNcns+khwyQ=
github.com/cvhariharan/flowctl/sdk/executor v0.0.0-20250728145512-aa56676fc961/go.mod h1:YCqeQSuKkvNkj5LOkjuzqM0n3GaS+mMCyEpV4hcMaQI=
